
Microsoft Visual Studio Solution File, Format Version 12.00
# Visual Studio Version 17
VisualStudioVersion = 17.3.32804.467
MinimumVisualStudioVersion = 10.0.40219.1
Project("{9A19103F-16F7-4668-BE54-9A1E7A4F7556}") = "HTMLPractice", "HTMLPractice\HTMLPractice.csproj", "{B417C7A7-8A68-4CF6-80B7-5B40A46DDC84}"
EndProject
Project("{9A19103F-16F7-4668-BE54-9A1E7A4F7556}") = "PersonalWebsiteLab", "PersonalWebsiteLab\PersonalWebsiteLab.csproj", "{C3E88540-98FD-455D-BD6B-7EDF2F0FAE08}"
EndProject
Project("{FAE04EC0-301F-11D3-BF4B-00C04F79EFBC}") = "FormDemo", "FormDemo\FormDemo.csproj", "{1A14795C-F6AF-4474-B110-70256E0B602F}"
EndProject
Project("{FAE04EC0-301F-11D3-BF4B-00C04F79EFBC}") = "Controller Practice", "Controller Practice\Controller Practice.csproj", "{DE91A556-79DE-4AAE-B836-85E32A017101}"
EndProject
Project("{FAE04EC0-301F-11D3-BF4B-00C04F79EFBC}") = "CoffeeShopRegistrationLab", "CoffeeShopRegistrationLab\CoffeeShopRegistrationLab.csproj", "{76226522-1F45-456F-9113-0642B6E04ACF}"
EndProject
Global
	GlobalSection(SolutionConfigurationPlatforms) = preSolution
		Debug|Any CPU = Debug|Any CPU
		Release|Any CPU = Release|Any CPU
	EndGlobalSection
	GlobalSection(ProjectConfigurationPlatforms) = postSolution
		{B417C7A7-8A68-4CF6-80B7-5B40A46DDC84}.Debug|Any CPU.ActiveCfg = Debug|Any CPU
		{B417C7A7-8A68-4CF6-80B7-5B40A46DDC84}.Debug|Any CPU.Build.0 = Debug|Any CPU
		{B417C7A7-8A68-4CF6-80B7-5B40A46DDC84}.Release|Any CPU.ActiveCfg = Release|Any CPU
		{B417C7A7-8A68-4CF6-80B7-5B40A46DDC84}.Release|Any CPU.Build.0 = Release|Any CPU
		{C3E88540-98FD-455D-BD6B-7EDF2F0FAE08}.Debug|Any CPU.ActiveCfg = Debug|Any CPU
		{C3E88540-98FD-455D-BD6B-7EDF2F0FAE08}.Debug|Any CPU.Build.0 = Debug|Any CPU
		{C3E88540-98FD-455D-BD6B-7EDF2F0FAE08}.Release|Any CPU.ActiveCfg = Release|Any CPU
		{C3E88540-98FD-455D-BD6B-7EDF2F0FAE08}.Release|Any CPU.Build.0 = Release|Any CPU
		{1A14795C-F6AF-4474-B110-70256E0B602F}.Debug|Any CPU.ActiveCfg = Debug|Any CPU
		{1A14795C-F6AF-4474-B110-70256E0B602F}.Debug|Any CPU.Build.0 = Debug|Any CPU
		{1A14795C-F6AF-4474-B110-70256E0B602F}.Release|Any CPU.ActiveCfg = Release|Any CPU
		{1A14795C-F6AF-4474-B110-70256E0B602F}.Release|Any CPU.Build.0 = Release|Any CPU
		{DE91A556-79DE-4AAE-B836-85E32A017101}.Debug|Any CPU.ActiveCfg = Debug|Any CPU
		{DE91A556-79DE-4AAE-B836-85E32A017101}.Debug|Any CPU.Build.0 = Debug|Any CPU
		{DE91A556-79DE-4AAE-B836-85E32A017101}.Release|Any CPU.ActiveCfg = Release|Any CPU
		{DE91A556-79DE-4AAE-B836-85E32A017101}.Release|Any CPU.Build.0 = Release|Any CPU
		{76226522-1F45-456F-9113-0642B6E04ACF}.Debug|Any CPU.ActiveCfg = Debug|Any CPU
		{76226522-1F45-456F-9113-0642B6E04ACF}.Debug|Any CPU.Build.0 = Debug|Any CPU
		{76226522-1F45-456F-9113-0642B6E04ACF}.Release|Any CPU.ActiveCfg = Release|Any CPU
		{76226522-1F45-456F-9113-0642B6E04ACF}.Release|Any CPU.Build.0 = Release|Any CPU
	EndGlobalSection
	GlobalSection(SolutionProperties) = preSolution
		HideSolutionNode = FALSE
	EndGlobalSection
	GlobalSection(ExtensibilityGlobals) = postSolution
		SolutionGuid = {3E85F296-1FDA-479E-B5E5-D30207202568}
	EndGlobalSection
EndGlobal
